// !$*UTF8*$!
{
	archiveVersion = 1;
	classes = {
	};
	objectVersion = 55;
	objects = {

/* Begin PBXBuildFile section */
		8CAF8D1A28660FEF00972FA1 /* Notes App WatchKit App.app in Embed Watch Content */ = {isa = PBXBuildFile; fileRef = 8CAF8D1928660FEF00972FA1 /* Notes App WatchKit App.app */; settings = {ATTRIBUTES = (RemoveHeadersOnCopy, ); }; };
		8CAF8D1F2866100D00972FA1 /* Assets.xcassets in Resources */ = {isa = PBXBuildFile; fileRef = 8CAF8D1E2866100D00972FA1 /* Assets.xcassets */; };
		8CAF8D252866100E00972FA1 /* Notes App WatchKit Extension.appex in Embed App Extensions */ = {isa = PBXBuildFile; fileRef = 8CAF8D242866100E00972FA1 /* Notes App WatchKit Extension.appex */; settings = {ATTRIBUTES = (RemoveHeadersOnCopy, ); }; };
		8CAF8D2A2866100F00972FA1 /* ContentView.swift in Sources */ = {isa = PBXBuildFile; fileRef = 8CAF8D292866100F00972FA1 /* ContentView.swift */; };
		8CAF8D2C2866100F00972FA1 /* Notes_AppApp.swift in Sources */ = {isa = PBXBuildFile; fileRef = 8CAF8D2B2866100F00972FA1 /* Notes_AppApp.swift */; };
		8CAF8D2E2866100F00972FA1 /* ComplicationController.swift in Sources */ = {isa = PBXBuildFile; fileRef = 8CAF8D2D2866100F00972FA1 /* ComplicationController.swift */; };
		8CAF8D302866101800972FA1 /* Assets.xcassets in Resources */ = {isa = PBXBuildFile; fileRef = 8CAF8D2F2866101800972FA1 /* Assets.xcassets */; };
		8CAF8D332866101800972FA1 /* Preview Assets.xcassets in Resources */ = {isa = PBXBuildFile; fileRef = 8CAF8D322866101800972FA1 /* Preview Assets.xcassets */; };
		8CAF8D452866136700972FA1 /* Note.swift in Sources */ = {isa = PBXBuildFile; fileRef = 8CAF8D442866136700972FA1 /* Note.swift */; };
		8CAF8D472866342400972FA1 /* DetailView.swift in Sources */ = {isa = PBXBuildFile; fileRef = 8CAF8D462866342300972FA1 /* DetailView.swift */; };
/* End PBXBuildFile section */

/* Begin PBXContainerItemProxy section */
		8CAF8D1B28660FEF00972FA1 /* PBXContainerItemProxy */ = {
			isa = PBXContainerItemProxy;
			containerPortal = 8CAF8D0F28660FEE00972FA1 /* Project object */;
			proxyType = 1;
			remoteGlobalIDString = 8CAF8D1828660FEF00972FA1;
			remoteInfo = "Notes App WatchKit App";
		};
		8CAF8D262866100E00972FA1 /* PBXContainerItemProxy */ = {
			isa = PBXContainerItemProxy;
			containerPortal = 8CAF8D0F28660FEE00972FA1 /* Project object */;
			proxyType = 1;
			remoteGlobalIDString = 8CAF8D232866100E00972FA1;
			remoteInfo = "Notes App WatchKit Extension";
		};
/* End PBXContainerItemProxy section */

/* Begin PBXCopyFilesBuildPhase section */
		8CAF8D3A2866101800972FA1 /* Embed App Extensions */ = {
			isa = PBXCopyFilesBuildPhase;
			buildActionMask = 2147483647;
			dstPath = "";
			dstSubfolderSpec = 13;
			files = (
				8CAF8D252866100E00972FA1 /* Notes App WatchKit Extension.appex in Embed App Extensions */,
			);
			name = "Embed App Extensions";
			runOnlyForDeploymentPostprocessing = 0;
		};
		8CAF8D3E2866101800972FA1 /* Embed Watch Content */ = {
			isa = PBXCopyFilesBuildPhase;
			buildActionMask = 2147483647;
			dstPath = "$(CONTENTS_FOLDER_PATH)/Watch";
			dstSubfolderSpec = 16;
			files = (
				8CAF8D1A28660FEF00972FA1 /* Notes App WatchKit App.app in Embed Watch Content */,
			);
			name = "Embed Watch Content";
			runOnlyForDeploymentPostprocessing = 0;
		};
/* End PBXCopyFilesBuildPhase section */

/* Begin PBXFileReference section */
		8CAF8D1528660FEE00972FA1 /* Notes App.app */ = {isa = PBXFileReference; explicitFileType = wrapper.application; includeInIndex = 0; path = "Notes App.app"; sourceTree = BUILT_PRODUCTS_DIR; };
		8CAF8D1928660FEF00972FA1 /* Notes App WatchKit App.app */ = {isa = PBXFileReference; explicitFileType = wrapper.application; includeInIndex = 0; path = "Notes App WatchKit App.app"; sourceTree = BUILT_PRODUCTS_DIR; };
		8CAF8D1E2866100D00972FA1 /* Assets.xcassets */ = {isa = PBXFileReference; lastKnownFileType = folder.assetcatalog; path = Assets.xcassets; sourceTree = "<group>"; };
		8CAF8D242866100E00972FA1 /* Notes App WatchKit Extension.appex */ = {isa = PBXFileReference; explicitFileType = "wrapper.app-extension"; includeInIndex = 0; path = "Notes App WatchKit Extension.appex"; sourceTree = BUILT_PRODUCTS_DIR; };
		8CAF8D292866100F00972FA1 /* ContentView.swift */ = {isa = PBXFileReference; lastKnownFileType = sourcecode.swift; path = ContentView.swift; sourceTree = "<group>"; };
		8CAF8D2B2866100F00972FA1 /* Notes_AppApp.swift */ = {isa = PBXFileReference; lastKnownFileType = sourcecode.swift; path = Notes_AppApp.swift; sourceTree = "<group>"; };
		8CAF8D2D2866100F00972FA1 /* ComplicationController.swift */ = {isa = PBXFileReference; lastKnownFileType = sourcecode.swift; path = ComplicationController.swift; sourceTree = "<group>"; };
		8CAF8D2F2866101800972FA1 /* Assets.xcassets */ = {isa = PBXFileReference; lastKnownFileType = folder.assetcatalog; path = Assets.xcassets; sourceTree = "<group>"; };
		8CAF8D322866101800972FA1 /* Preview Assets.xcassets */ = {isa = PBXFileReference; lastKnownFileType = folder.assetcatalog; path = "Preview Assets.xcassets"; sourceTree = "<group>"; };
		8CAF8D342866101800972FA1 /* Info.plist */ = {isa = PBXFileReference; lastKnownFileType = text.plist.xml; path = Info.plist; sourceTree = "<group>"; };
		8CAF8D442866136700972FA1 /* Note.swift */ = {isa = PBXFileReference; lastKnownFileType = sourcecode.swift; path = Note.swift; sourceTree = "<group>"; };
		8CAF8D462866342300972FA1 /* DetailView.swift */ = {isa = PBXFileReference; lastKnownFileType = sourcecode.swift; path = DetailView.swift; sourceTree = "<group>"; };
/* End PBXFileReference section */

/* Begin PBXFrameworksBuildPhase section */
		8CAF8D212866100E00972FA1 /* Frameworks */ = {
			isa = PBXFrameworksBuildPhase;
			buildActionMask = 2147483647;
			files = (
			);
			runOnlyForDeploymentPostprocessing = 0;
		};
/* End PBXFrameworksBuildPhase section */

/* Begin PBXGroup section */
		8CAF8D0E28660FEE00972FA1 = {
			isa = PBXGroup;
			children = (
				8CAF8D1D28660FEF00972FA1 /* Notes App WatchKit App */,
				8CAF8D282866100E00972FA1 /* Notes App WatchKit Extension */,
				8CAF8D1628660FEE00972FA1 /* Products */,
			);
			sourceTree = "<group>";
		};
		8CAF8D1628660FEE00972FA1 /* Products */ = {
			isa = PBXGroup;
			children = (
				8CAF8D1528660FEE00972FA1 /* Notes App.app */,
				8CAF8D1928660FEF00972FA1 /* Notes App WatchKit App.app */,
				8CAF8D242866100E00972FA1 /* Notes App WatchKit Extension.appex */,
			);
			name = Products;
			sourceTree = "<group>";
		};
		8CAF8D1D28660FEF00972FA1 /* Notes App WatchKit App */ = {
			isa = PBXGroup;
			children = (
				8CAF8D1E2866100D00972FA1 /* Assets.xcassets */,
			);
			path = "Notes App WatchKit App";
			sourceTree = "<group>";
		};
		8CAF8D282866100E00972FA1 /* Notes App WatchKit Extension */ = {
			isa = PBXGroup;
			children = (
				8CAF8D432866134200972FA1 /* Model */,
				8CAF8D422866132500972FA1 /* View */,
				8CAF8D2B2866100F00972FA1 /* Notes_AppApp.swift */,
				8CAF8D2D2866100F00972FA1 /* ComplicationController.swift */,
				8CAF8D2F2866101800972FA1 /* Assets.xcassets */,
				8CAF8D342866101800972FA1 /* Info.plist */,
				8CAF8D312866101800972FA1 /* Preview Content */,
			);
			path = "Notes App WatchKit Extension";
			sourceTree = "<group>";
		};
		8CAF8D312866101800972FA1 /* Preview Content */ = {
			isa = PBXGroup;
			children = (
				8CAF8D322866101800972FA1 /* Preview Assets.xcassets */,
			);
			path = "Preview Content";
			sourceTree = "<group>";
		};
		8CAF8D422866132500972FA1 /* View */ = {
			isa = PBXGroup;
			children = (
				8CAF8D292866100F00972FA1 /* ContentView.swift */,
				8CAF8D462866342300972FA1 /* DetailView.swift */,
			);
			path = View;
			sourceTree = "<group>";
		};
		8CAF8D432866134200972FA1 /* Model */ = {
			isa = PBXGroup;
			children = (
				8CAF8D442866136700972FA1 /* Note.swift */,
			);
			path = Model;
			sourceTree = "<group>";
		};
/* End PBXGroup section */

/* Begin PBXNativeTarget section */
		8CAF8D1428660FEE00972FA1 /* Notes App */ = {
			isa = PBXNativeTarget;
			buildConfigurationList = 8CAF8D3F2866101800972FA1 /* Build configuration list for PBXNativeTarget "Notes App" */;
			buildPhases = (
				8CAF8D1328660FEE00972FA1 /* Resources */,
				8CAF8D3E2866101800972FA1 /* Embed Watch Content */,
			);
			buildRules = (
			);
			dependencies = (
				8CAF8D1C28660FEF00972FA1 /* PBXTargetDependency */,
			);
			name = "Notes App";
			productName = "Notes App";
			productReference = 8CAF8D1528660FEE00972FA1 /* Notes App.app */;
			productType = "com.apple.product-type.application.watchapp2-container";
		};
		8CAF8D1828660FEF00972FA1 /* Notes App WatchKit App */ = {
			isa = PBXNativeTarget;
			buildConfigurationList = 8CAF8D3B2866101800972FA1 /* Build configuration list for PBXNativeTarget "Notes App WatchKit App" */;
			buildPhases = (
				8CAF8D1728660FEF00972FA1 /* Resources */,
				8CAF8D3A2866101800972FA1 /* Embed App Extensions */,
			);
			buildRules = (
			);
			dependencies = (
				8CAF8D272866100E00972FA1 /* PBXTargetDependency */,
			);
			name = "Notes App WatchKit App";
			productName = "Notes App WatchKit App";
			productReference = 8CAF8D1928660FEF00972FA1 /* Notes App WatchKit App.app */;
			productType = "com.apple.product-type.application.watchapp2";
		};
		8CAF8D232866100E00972FA1 /* Notes App WatchKit Extension */ = {
			isa = PBXNativeTarget;
			buildConfigurationList = 8CAF8D372866101800972FA1 /* Build configuration list for PBXNativeTarget "Notes App WatchKit Extension" */;
			buildPhases = (
				8CAF8D202866100E00972FA1 /* Sources */,
				8CAF8D212866100E00972FA1 /* Frameworks */,
				8CAF8D222866100E00972FA1 /* Resources */,
			);
			buildRules = (
			);
			dependencies = (
			);
			name = "Notes App WatchKit Extension";
			productName = "Notes App WatchKit Extension";
			productReference = 8CAF8D242866100E00972FA1 /* Notes App WatchKit Extension.appex */;
			productType = "com.apple.product-type.watchkit2-extension";
		};
/* End PBXNativeTarget section */

/* Begin PBXProject section */
		8CAF8D0F28660FEE00972FA1 /* Project object */ = {
			isa = PBXProject;
			attributes = {
				BuildIndependentTargetsInParallel = 1;
				LastSwiftUpdateCheck = 1340;
				LastUpgradeCheck = 1340;
				TargetAttributes = {
					8CAF8D1428660FEE00972FA1 = {
						CreatedOnToolsVersion = 13.4.1;
					};
					8CAF8D1828660FEF00972FA1 = {
						CreatedOnToolsVersion = 13.4.1;
					};
					8CAF8D232866100E00972FA1 = {
						CreatedOnToolsVersion = 13.4.1;
					};
				};
			};
			buildConfigurationList = 8CAF8D1228660FEE00972FA1 /* Build configuration list for PBXProject "Notes App" */;
			compatibilityVersion = "Xcode 13.0";
			developmentRegion = en;
			hasScannedForEncodings = 0;
			knownRegions = (
				en,
				Base,
			);
			mainGroup = 8CAF8D0E28660FEE00972FA1;
			productRefGroup = 8CAF8D1628660FEE00972FA1 /* Products */;
			projectDirPath = "";
			projectRoot = "";
			targets = (
				8CAF8D1428660FEE00972FA1 /* Notes App */,
				8CAF8D1828660FEF00972FA1 /* Notes App WatchKit App */,
				8CAF8D232866100E00972FA1 /* Notes App WatchKit Extension */,
			);
		};
/* End PBXProject section */

/* Begin PBXResourcesBuildPhase section */
		8CAF8D1328660FEE00972FA1 /* Resources */ = {
			isa = PBXResourcesBuildPhase;
			buildActionMask = 2147483647;
			files = (
			);
			runOnlyForDeploymentPostprocessing = 0;
		};
		8CAF8D1728660FEF00972FA1 /* Resources */ = {
			isa = PBXResourcesBuildPhase;
			buildActionMask = 2147483647;
			files = (
				8CAF8D1F2866100D00972FA1 /* Assets.xcassets in Resources */,
			);
			runOnlyForDeploymentPostprocessing = 0;
		};
		8CAF8D222866100E00972FA1 /* Resources */ = {
			isa = PBXResourcesBuildPhase;
			buildActionMask = 2147483647;
			files = (
				8CAF8D332866101800972FA1 /* Preview Assets.xcassets in Resources */,
				8CAF8D302866101800972FA1 /* Assets.xcassets in Resources */,
			);
			runOnlyForDeploymentPostprocessing = 0;
		};
/* End PBXResourcesBuildPhase section */

/* Begin PBXSourcesBuildPhase section */
		8CAF8D202866100E00972FA1 /* Sources */ = {
			isa = PBXSourcesBuildPhase;
			buildActionMask = 2147483647;
			files = (
				8CAF8D2A2866100F00972FA1 /* ContentView.swift in Sources */,
				8CAF8D2C2866100F00972FA1 /* Notes_AppApp.swift in Sources */,
				8CAF8D2E2866100F00972FA1 /* ComplicationController.swift in Sources */,
				8CAF8D472866342400972FA1 /* DetailView.swift in Sources */,
				8CAF8D452866136700972FA1 /* Note.swift in Sources */,
			);
			runOnlyForDeploymentPostprocessing = 0;
		};
/* End PBXSourcesBuildPhase section */

/* Begin PBXTargetDependency section */
		8CAF8D1C28660FEF00972FA1 /* PBXTargetDependency */ = {
			isa = PBXTargetDependency;
			target = 8CAF8D1828660FEF00972FA1 /* Notes App WatchKit App */;
			targetProxy = 8CAF8D1B28660FEF00972FA1 /* PBXContainerItemProxy */;
		};
		8CAF8D272866100E00972FA1 /* PBXTargetDependency */ = {
			isa = PBXTargetDependency;
			target = 8CAF8D232866100E00972FA1 /* Notes App WatchKit Extension */;
			targetProxy = 8CAF8D262866100E00972FA1 /* PBXContainerItemProxy */;
		};
/* End PBXTargetDependency section */

/* Begin XCBuildConfiguration section */
		8CAF8D352866101800972FA1 /* Debug */ = {
			isa = XCBuildConfiguration;
			buildSettings = {
				ALWAYS_SEARCH_USER_PATHS = NO;
				CLANG_ANALYZER_NONNULL = YES;
				CLANG_ANALYZER_NUMBER_OBJECT_CONVERSION = YES_AGGRESSIVE;
				CLANG_CXX_LANGUAGE_STANDARD = "gnu++17";
				CLANG_ENABLE_MODULES = YES;
				CLANG_ENABLE_OBJC_ARC = YES;
				CLANG_ENABLE_OBJC_WEAK = YES;
				CLANG_WARN_BLOCK_CAPTURE_AUTORELEASING = YES;
				CLANG_WARN_BOOL_CONVERSION = YES;
				CLANG_WARN_COMMA = YES;
				CLANG_WARN_CONSTANT_CONVERSION = YES;
				CLANG_WARN_DEPRECATED_OBJC_IMPLEMENTATIONS = YES;
				CLANG_WARN_DIRECT_OBJC_ISA_USAGE = YES_ERROR;
				CLANG_WARN_DOCUMENTATION_COMMENTS = YES;
				CLANG_WARN_EMPTY_BODY = YES;
				CLANG_WARN_ENUM_CONVERSION = YES;
				CLANG_WARN_INFINITE_RECURSION = YES;
				CLANG_WARN_INT_CONVERSION = YES;
				CLANG_WARN_NON_LITERAL_NULL_CONVERSION = YES;
				CLANG_WARN_OBJC_IMPLICIT_RETAIN_SELF = YES;
				CLANG_WARN_OBJC_LITERAL_CONVERSION = YES;
				CLANG_WARN_OBJC_ROOT_CLASS = YES_ERROR;
				CLANG_WARN_QUOTED_INCLUDE_IN_FRAMEWORK_HEADER = YES;
				CLANG_WARN_RANGE_LOOP_ANALYSIS = YES;
				CLANG_WARN_STRICT_PROTOTYPES = YES;
				CLANG_WARN_SUSPICIOUS_MOVE = YES;
				CLANG_WARN_UNGUARDED_AVAILABILITY = YES_AGGRESSIVE;
				CLANG_WARN_UNREACHABLE_CODE = YES;
				CLANG_WARN__DUPLICATE_METHOD_MATCH = YES;
				COPY_PHASE_STRIP = NO;
				DEBUG_INFORMATION_FORMAT = dwarf;
				ENABLE_STRICT_OBJC_MSGSEND = YES;
				ENABLE_TESTABILITY = YES;
				GCC_C_LANGUAGE_STANDARD = gnu11;
				GCC_DYNAMIC_NO_PIC = NO;
				GCC_NO_COMMON_BLOCKS = YES;
				GCC_OPTIMIZATION_LEVEL = 0;
				GCC_PREPROCESSOR_DEFINITIONS = (
					"DEBUG=1",
					"$(inherited)",
				);
				GCC_WARN_64_TO_32_BIT_CONVERSION = YES;
				GCC_WARN_ABOUT_RETURN_TYPE = YES_ERROR;
				GCC_WARN_UNDECLARED_SELECTOR = YES;
				GCC_WARN_UNINITIALIZED_AUTOS = YES_AGGRESSIVE;
				GCC_WARN_UNUSED_FUNCTION = YES;
				GCC_WARN_UNUSED_VARIABLE = YES;
				MTL_ENABLE_DEBUG_INFO = INCLUDE_SOURCE;
				MTL_FAST_MATH = YES;
				ONLY_ACTIVE_ARCH = YES;
				SDKROOT = iphoneos;
				SWIFT_ACTIVE_COMPILATION_CONDITIONS = DEBUG;
				SWIFT_OPTIMIZATION_LEVEL = "-Onone";
			};
			name = Debug;
		};
		8CAF8D362866101800972FA1 /* Release */ = {
			isa = XCBuildConfiguration;
			buildSettings = {
				ALWAYS_SEARCH_USER_PATHS = NO;
				CLANG_ANALYZER_NONNULL = YES;
				CLANG_ANALYZER_NUMBER_OBJECT_CONVERSION = YES_AGGRESSIVE;
				CLANG_CXX_LANGUAGE_STANDARD = "gnu++17";
				CLANG_ENABLE_MODULES = YES;
				CLANG_ENABLE_OBJC_ARC = YES;
				CLANG_ENABLE_OBJC_WEAK = YES;
				CLANG_WARN_BLOCK_CAPTURE_AUTORELEASING = YES;
				CLANG_WARN_BOOL_CONVERSION = YES;
				CLANG_WARN_COMMA = YES;
				CLANG_WARN_CONSTANT_CONVERSION = YES;
				CLANG_WARN_DEPRECATED_OBJC_IMPLEMENTATIONS = YES;
				CLANG_WARN_DIRECT_OBJC_ISA_USAGE = YES_ERROR;
				CLANG_WARN_DOCUMENTATION_COMMENTS = YES;
				CLANG_WARN_EMPTY_BODY = YES;
				CLANG_WARN_ENUM_CONVERSION = YES;
				CLANG_WARN_INFINITE_RECURSION = YES;
				CLANG_WARN_INT_CONVERSION = YES;
				CLANG_WARN_NON_LITERAL_NULL_CONVERSION = YES;
				CLANG_WARN_OBJC_IMPLICIT_RETAIN_SELF = YES;
				CLANG_WARN_OBJC_LITERAL_CONVERSION = YES;
				CLANG_WARN_OBJC_ROOT_CLASS = YES_ERROR;
				CLANG_WARN_QUOTED_INCLUDE_IN_FRAMEWORK_HEADER = YES;
				CLANG_WARN_RANGE_LOOP_ANALYSIS = YES;
				CLANG_WARN_STRICT_PROTOTYPES = YES;
				CLANG_WARN_SUSPICIOUS_MOVE = YES;
				CLANG_WARN_UNGUARDED_AVAILABILITY = YES_AGGRESSIVE;
				CLANG_WARN_UNREACHABLE_CODE = YES;
				CLANG_WARN__DUPLICATE_METHOD_MATCH = YES;
				COPY_PHASE_STRIP = NO;
				DEBUG_INFORMATION_FORMAT = "dwarf-with-dsym";
				ENABLE_NS_ASSERTIONS = NO;
				ENABLE_STRICT_OBJC_MSGSEND = YES;
				GCC_C_LANGUAGE_STANDARD = gnu11;
				GCC_NO_COMMON_BLOCKS = YES;
				GCC_WARN_64_TO_32_BIT_CONVERSION = YES;
				GCC_WARN_ABOUT_RETURN_TYPE = YES_ERROR;
				GCC_WARN_UNDECLARED_SELECTOR = YES;
				GCC_WARN_UNINITIALIZED_AUTOS = YES_AGGRESSIVE;
				GCC_WARN_UNUSED_FUNCTION = YES;
				GCC_WARN_UNUSED_VARIABLE = YES;
				MTL_ENABLE_DEBUG_INFO = NO;
				MTL_FAST_MATH = YES;
				SDKROOT = iphoneos;
				SWIFT_COMPILATION_MODE = wholemodule;
				SWIFT_OPTIMIZATION_LEVEL = "-O";
				VALIDATE_PRODUCT = YES;
			};
			name = Release;
		};
		8CAF8D382866101800972FA1 /* Debug */ = {
			isa = XCBuildConfiguration;
			buildSettings = {
				ASSETCATALOG_COMPILER_COMPLICATION_NAME = Complication;
				CODE_SIGN_STYLE = Automatic;
				CURRENT_PROJECT_VERSION = 1;
				DEVELOPMENT_ASSET_PATHS = "\"Notes App WatchKit Extension/Preview Content\"";
				DEVELOPMENT_TEAM = VR3N47X42X;
				ENABLE_PREVIEWS = YES;
				GENERATE_INFOPLIST_FILE = YES;
				INFOPLIST_FILE = "Notes App WatchKit Extension/Info.plist";
				INFOPLIST_KEY_CFBundleDisplayName = "Notes App WatchKit Extension";
				INFOPLIST_KEY_CLKComplicationPrincipalClass = "$(PRODUCT_MODULE_NAME).ComplicationController";
				INFOPLIST_KEY_NSHumanReadableCopyright = "";
				INFOPLIST_KEY_WKWatchOnly = YES;
				LD_RUNPATH_SEARCH_PATHS = (
					"$(inherited)",
					"@executable_path/Frameworks",
					"@executable_path/../../Frameworks",
				);
				MARKETING_VERSION = 1.0;
				PRODUCT_BUNDLE_IDENTIFIER = "com.marcelomachado.Notes-App.watchkitapp.watchkitextension";
				PRODUCT_NAME = "${TARGET_NAME}";
				SDKROOT = watchos;
				SKIP_INSTALL = YES;
				SWIFT_EMIT_LOC_STRINGS = YES;
				SWIFT_VERSION = 5.0;
				TARGETED_DEVICE_FAMILY = 4;
				WATCHOS_DEPLOYMENT_TARGET = 8.5;
			};
			name = Debug;
		};
		8CAF8D392866101800972FA1 /* Release */ = {
			isa = XCBuildConfiguration;
			buildSettings = {
				ASSETCATALOG_COMPILER_COMPLICATION_NAME = Complication;
				CODE_SIGN_STYLE = Automatic;
				CURRENT_PROJECT_VERSION = 1;
				DEVELOPMENT_ASSET_PATHS = "\"Notes App WatchKit Extension/Preview Content\"";
				DEVELOPMENT_TEAM = VR3N47X42X;
				ENABLE_PREVIEWS = YES;
				GENERATE_INFOPLIST_FILE = YES;
				INFOPLIST_FILE = "Notes App WatchKit Extension/Info.plist";
				INFOPLIST_KEY_CFBundleDisplayName = "Notes App WatchKit Extension";
				INFOPLIST_KEY_CLKComplicationPrincipalClass = "$(PRODUCT_MODULE_NAME).ComplicationController";
				INFOPLIST_KEY_NSHumanReadableCopyright = "";
				INFOPLIST_KEY_WKWatchOnly = YES;
				LD_RUNPATH_SEARCH_PATHS = (
					"$(inherited)",
					"@executable_path/Frameworks",
					"@executable_path/../../Frameworks",
				);
				MARKETING_VERSION = 1.0;
				PRODUCT_BUNDLE_IDENTIFIER = "com.marcelomachado.Notes-App.watchkitapp.watchkitextension";
				PRODUCT_NAME = "${TARGET_NAME}";
				SDKROOT = watchos;
				SKIP_INSTALL = YES;
				SWIFT_EMIT_LOC_STRINGS = YES;
				SWIFT_VERSION = 5.0;
				TARGETED_DEVICE_FAMILY = 4;
				WATCHOS_DEPLOYMENT_TARGET = 8.5;
			};
			name = Release;
		};
		8CAF8D3C2866101800972FA1 /* Debug */ = {
			isa = XCBuildConfiguration;
			buildSettings = {
				ALWAYS_EMBED_SWIFT_STANDARD_LIBRARIES = YES;
				ASSETCATALOG_COMPILER_APPICON_NAME = AppIcon;
				ASSETCATALOG_COMPILER_GLOBAL_ACCENT_COLOR_NAME = AccentColor;
				CODE_SIGN_STYLE = Automatic;
				CURRENT_PROJECT_VERSION = 1;
				DEVELOPMENT_TEAM = VR3N47X42X;
				GENERATE_INFOPLIST_FILE = YES;
				IBSC_MODULE = Notes_App_WatchKit_Extension;
				INFOPLIST_KEY_CFBundleDisplayName = "Notes App WatchKit App";
				INFOPLIST_KEY_UISupportedInterfaceOrientations = "UIInterfaceOrientationPortrait UIInterfaceOrientationPortraitUpsideDown";
				MARKETING_VERSION = 1.0;
				PRODUCT_BUNDLE_IDENTIFIER = "com.marcelomachado.Notes-App.watchkitapp";
				PRODUCT_NAME = "$(TARGET_NAME)";
				SDKROOT = watchos;
				SKIP_INSTALL = YES;
				SWIFT_EMIT_LOC_STRINGS = YES;
				SWIFT_VERSION = 5.0;
				TARGETED_DEVICE_FAMILY = 4;
				WATCHOS_DEPLOYMENT_TARGET = 8.5;
			};
			name = Debug;
		};
		8CAF8D3D2866101800972FA1 /* Release */ = {
			isa = XCBuildConfiguration;
			buildSettings = {
				ALWAYS_EMBED_SWIFT_STANDARD_LIBRARIES = YES;
				ASSETCATALOG_COMPILER_APPICON_NAME = AppIcon;
				ASSETCATALOG_COMPILER_GLOBAL_ACCENT_COLOR_NAME = AccentColor;
				CODE_SIGN_STYLE = Automatic;
				CURRENT_PROJECT_VERSION = 1;
				DEVELOPMENT_TEAM = VR3N47X42X;
				GENERATE_INFOPLIST_FILE = YES;
				IBSC_MODULE = Notes_App_WatchKit_Extension;
				INFOPLIST_KEY_CFBundleDisplayName = "Notes App WatchKit App";
				INFOPLIST_KEY_UISupportedInterfaceOrientations = "UIInterfaceOrientationPortrait UIInterfaceOrientationPortraitUpsideDown";
				MARKETING_VERSION = 1.0;
				PRODUCT_BUNDLE_IDENTIFIER = "com.marcelomachado.Notes-App.watchkitapp";
				PRODUCT_NAME = "$(TARGET_NAME)";
				SDKROOT = watchos;
				SKIP_INSTALL = YES;
				SWIFT_EMIT_LOC_STRINGS = YES;
				SWIFT_VERSION = 5.0;
				TARGETED_DEVICE_FAMILY = 4;
				WATCHOS_DEPLOYMENT_TARGET = 8.5;
			};
			name = Release;
		};
		8CAF8D402866101800972FA1 /* Debug */ = {
			isa = XCBuildConfiguration;
			buildSettings = {
				CODE_SIGN_STYLE = Automatic;
				CURRENT_PROJECT_VERSION = 1;
				DEVELOPMENT_TEAM = VR3N47X42X;
				MARKETING_VERSION = 1.0;
				PRODUCT_BUNDLE_IDENTIFIER = "com.marcelomachado.Notes-App";
				PRODUCT_NAME = "$(TARGET_NAME)";
				SWIFT_VERSION = 5.0;
			};
			name = Debug;
		};
		8CAF8D412866101800972FA1 /* Release */ = {
			isa = XCBuildConfiguration;
			buildSettings = {
				CODE_SIGN_STYLE = Automatic;
				CURRENT_PROJECT_VERSION = 1;
				DEVELOPMENT_TEAM = VR3N47X42X;
				MARKETING_VERSION = 1.0;
				PRODUCT_BUNDLE_IDENTIFIER = "com.marcelomachado.Notes-App";
				PRODUCT_NAME = "$(TARGET_NAME)";
				SWIFT_VERSION = 5.0;
			};
			name = Release;
		};
/* End XCBuildConfiguration section */

/* Begin XCConfigurationList section */
		8CAF8D1228660FEE00972FA1 /* Build configuration list for PBXProject "Notes App" */ = {
			isa = XCConfigurationList;
			buildConfigurations = (
				8CAF8D352866101800972FA1 /* Debug */,
				8CAF8D362866101800972FA1 /* Release */,
			);
			defaultConfigurationIsVisible = 0;
			defaultConfigurationName = Release;
		};
		8CAF8D372866101800972FA1 /* Build configuration list for PBXNativeTarget "Notes App WatchKit Extension" */ = {
			isa = XCConfigurationList;
			buildConfigurations = (
				8CAF8D382866101800972FA1 /* Debug */,
				8CAF8D392866101800972FA1 /* Release */,
			);
			defaultConfigurationIsVisible = 0;
			defaultConfigurationName = Release;
		};
		8CAF8D3B2866101800972FA1 /* Build configuration list for PBXNativeTarget "Notes App WatchKit App" */ = {
			isa = XCConfigurationList;
			buildConfigurations = (
				8CAF8D3C2866101800972FA1 /* Debug */,
				8CAF8D3D2866101800972FA1 /* Release */,
			);
			defaultConfigurationIsVisible = 0;
			defaultConfigurationName = Release;
		};
		8CAF8D3F2866101800972FA1 /* Build configuration list for PBXNativeTarget "Notes App" */ = {
			isa = XCConfigurationList;
			buildConfigurations = (
				8CAF8D402866101800972FA1 /* Debug */,
				8CAF8D412866101800972FA1 /* Release */,
			);
			defaultConfigurationIsVisible = 0;
			defaultConfigurationName = Release;
		};
/* End XCConfigurationList section */
	};
	rootObject = 8CAF8D0F28660FEE00972FA1 /* Project object */;
}
